
Microsoft Visual Studio Solution File, Format Version 12.00
# Visual Studio 15
VisualStudioVersion = 15.0.33026.149
MinimumVisualStudioVersion = 10.0.40219.1
Project("{FAE04EC0-301F-11D3-BF4B-00C04F79EFBC}") = "SharpUpdate2-0", "SharpUpdate2-0\SharpUpdate2-0.csproj", "{9426D9FC-E350-4F3A-B44B-01F62E75A3B8}"
EndProject
Project("{FAE04EC0-301F-11D3-BF4B-00C04F79EFBC}") = "TesApp", "TesApp\TesApp.csproj", "{BFE1BEE4-EFAE-4FE1-87AC-4D5FF68A264D}"
EndProject
Global
	GlobalSection(SolutionConfigurationPlatforms) = preSolution
		Debug|Any CPU = Debug|Any CPU
		Release|Any CPU = Release|Any CPU
	EndGlobalSection
	GlobalSection(ProjectConfigurationPlatforms) = postSolution
		{9426D9FC-E350-4F3A-B44B-01F62E75A3B8}.Debug|Any CPU.ActiveCfg = Debug|Any CPU
		{9426D9FC-E350-4F3A-B44B-01F62E75A3B8}.Debug|Any CPU.Build.0 = Debug|Any CPU
		{9426D9FC-E350-4F3A-B44B-01F62E75A3B8}.Release|Any CPU.ActiveCfg = Release|Any CPU
		{9426D9FC-E350-4F3A-B44B-01F62E75A3B8}.Release|Any CPU.Build.0 = Release|Any CPU
		{BFE1BEE4-EFAE-4FE1-87AC-4D5FF68A264D}.Debug|Any CPU.ActiveCfg = Debug|Any CPU
		{BFE1BEE4-EFAE-4FE1-87AC-4D5FF68A264D}.Debug|Any CPU.Build.0 = Debug|Any CPU
		{BFE1BEE4-EFAE-4FE1-87AC-4D5FF68A264D}.Release|Any CPU.ActiveCfg = Release|Any CPU
		{BFE1BEE4-EFAE-4FE1-87AC-4D5FF68A264D}.Release|Any CPU.Build.0 = Release|Any CPU
	EndGlobalSection
	GlobalSection(SolutionProperties) = preSolution
		HideSolutionNode = FALSE
	EndGlobalSection
	GlobalSection(ExtensibilityGlobals) = postSolution
		SolutionGuid = {FA3BE377-E784-4570-951A-DC1645E58ABD}
	EndGlobalSection
EndGlobal
